
Microsoft Visual Studio Solution File, Format Version 12.00
# Visual Studio 14
VisualStudioVersion = 14.0.25420.1
MinimumVisualStudioVersion = 10.0.40219.1
Project("{FAE04EC0-301F-11D3-BF4B-00C04F79EFBC}") = "IntegrationTests", "IntegrationTests\IntegrationTests.csproj", "{D9E2AF28-9CB7-41E1-96DA-FACD8D6B07CE}"
EndProject
Project("{FAE04EC0-301F-11D3-BF4B-00C04F79EFBC}") = "Filtering", "Filtering\Filtering.csproj", "{90DB5DA9-F39F-4D07-B27F-79A974B20A15}"
EndProject
Project("{FAE04EC0-301F-11D3-BF4B-00C04F79EFBC}") = "UnitTests", "UnitTests\UnitTests.csproj", "{105FE6C4-E553-48FA-9121-432A66F66872}"
EndProject
Project("{2150E333-8FDC-42A3-9474-1A3956D46DE8}") = "CodeAnalysis", "CodeAnalysis", "{213C9C2C-97FB-4653-AA89-020193218590}"
	ProjectSection(SolutionItems) = preProject
		Dictionary.xml = Dictionary.xml
		CodeAnalysis\FilteringKey.PublicKeyOnly.snk = CodeAnalysis\FilteringKey.PublicKeyOnly.snk
		CodeAnalysis\FilteringKey.snk = CodeAnalysis\FilteringKey.snk
		Framework.Filtering.ruleset = Framework.Filtering.ruleset
		GlobalSuppressions.cs = GlobalSuppressions.cs
	EndProjectSection
EndProject
Project("{FAE04EC0-301F-11D3-BF4B-00C04F79EFBC}") = "Filtering.Data.Entity", "Filtering.Data.Entity\Filtering.Data.Entity.csproj", "{780ADFDB-0E73-4AAA-9B80-F69C11473B3B}"
EndProject
Global
	GlobalSection(SolutionConfigurationPlatforms) = preSolution
		Debug|Any CPU = Debug|Any CPU
		Release|Any CPU = Release|Any CPU
	EndGlobalSection
	GlobalSection(ProjectConfigurationPlatforms) = postSolution
		{D9E2AF28-9CB7-41E1-96DA-FACD8D6B07CE}.Debug|Any CPU.ActiveCfg = Debug|Any CPU
		{D9E2AF28-9CB7-41E1-96DA-FACD8D6B07CE}.Debug|Any CPU.Build.0 = Debug|Any CPU
		{D9E2AF28-9CB7-41E1-96DA-FACD8D6B07CE}.Release|Any CPU.ActiveCfg = Release|Any CPU
		{D9E2AF28-9CB7-41E1-96DA-FACD8D6B07CE}.Release|Any CPU.Build.0 = Release|Any CPU
		{90DB5DA9-F39F-4D07-B27F-79A974B20A15}.Debug|Any CPU.ActiveCfg = Debug|Any CPU
		{90DB5DA9-F39F-4D07-B27F-79A974B20A15}.Debug|Any CPU.Build.0 = Debug|Any CPU
		{90DB5DA9-F39F-4D07-B27F-79A974B20A15}.Release|Any CPU.ActiveCfg = Release|Any CPU
		{90DB5DA9-F39F-4D07-B27F-79A974B20A15}.Release|Any CPU.Build.0 = Release|Any CPU
		{105FE6C4-E553-48FA-9121-432A66F66872}.Debug|Any CPU.ActiveCfg = Debug|Any CPU
		{105FE6C4-E553-48FA-9121-432A66F66872}.Debug|Any CPU.Build.0 = Debug|Any CPU
		{105FE6C4-E553-48FA-9121-432A66F66872}.Release|Any CPU.ActiveCfg = Release|Any CPU
		{105FE6C4-E553-48FA-9121-432A66F66872}.Release|Any CPU.Build.0 = Release|Any CPU
		{780ADFDB-0E73-4AAA-9B80-F69C11473B3B}.Debug|Any CPU.ActiveCfg = Debug|Any CPU
		{780ADFDB-0E73-4AAA-9B80-F69C11473B3B}.Debug|Any CPU.Build.0 = Debug|Any CPU
		{780ADFDB-0E73-4AAA-9B80-F69C11473B3B}.Release|Any CPU.ActiveCfg = Release|Any CPU
		{780ADFDB-0E73-4AAA-9B80-F69C11473B3B}.Release|Any CPU.Build.0 = Release|Any CPU
	EndGlobalSection
	GlobalSection(SolutionProperties) = preSolution
		HideSolutionNode = FALSE
	EndGlobalSection
EndGlobal
